
Microsoft Visual Studio Solution File, Format Version 12.00
# Visual Studio Version 17
VisualStudioVersion = 17.10.35013.160
MinimumVisualStudioVersion = 10.0.40219.1
Project("{FAE04EC0-301F-11D3-BF4B-00C04F79EFBC}") = "Music Player Application", "Music Player Application\Music Player Application.csproj", "{68A40A1B-F740-4B37-8802-1C4E5CD41D66}"
EndProject
Global
	GlobalSection(SolutionConfigurationPlatforms) = preSolution
		Debug|Any CPU = Debug|Any CPU
		Release|Any CPU = Release|Any CPU
	EndGlobalSection
	GlobalSection(ProjectConfigurationPlatforms) = postSolution
		{68A40A1B-F740-4B37-8802-1C4E5CD41D66}.Debug|Any CPU.ActiveCfg = Debug|Any CPU
		{68A40A1B-F740-4B37-8802-1C4E5CD41D66}.Debug|Any CPU.Build.0 = Debug|Any CPU
		{68A40A1B-F740-4B37-8802-1C4E5CD41D66}.Release|Any CPU.ActiveCfg = Release|Any CPU
		{68A40A1B-F740-4B37-8802-1C4E5CD41D66}.Release|Any CPU.Build.0 = Release|Any CPU
	EndGlobalSection
	GlobalSection(SolutionProperties) = preSolution
		HideSolutionNode = FALSE
	EndGlobalSection
	GlobalSection(ExtensibilityGlobals) = postSolution
		SolutionGuid = {EAFA67C0-6F28-4510-8FA4-E468EF4F2450}
	EndGlobalSection
EndGlobal
